
Microsoft Visual Studio Solution File, Format Version 12.00
# Visual Studio Version 16
VisualStudioVersion = 16.0.30503.244
MinimumVisualStudioVersion = 10.0.40219.1
Project("{FAE04EC0-301F-11D3-BF4B-00C04F79EFBC}") = "autoupdater", "autoupdater\autoupdater.csproj", "{FE7BB45C-2BC4-4887-8ABD-82BA90349C38}"
EndProject
Global
	GlobalSection(SolutionConfigurationPlatforms) = preSolution
		Debug|Any CPU = Debug|Any CPU
		Release|Any CPU = Release|Any CPU
	EndGlobalSection
	GlobalSection(ProjectConfigurationPlatforms) = postSolution
		{FE7BB45C-2BC4-4887-8ABD-82BA90349C38}.Debug|Any CPU.ActiveCfg = Debug|Any CPU
		{FE7BB45C-2BC4-4887-8ABD-82BA90349C38}.Debug|Any CPU.Build.0 = Debug|Any CPU
		{FE7BB45C-2BC4-4887-8ABD-82BA90349C38}.Release|Any CPU.ActiveCfg = Release|Any CPU
		{FE7BB45C-2BC4-4887-8ABD-82BA90349C38}.Release|Any CPU.Build.0 = Release|Any CPU
	EndGlobalSection
	GlobalSection(SolutionProperties) = preSolution
		HideSolutionNode = FALSE
	EndGlobalSection
	GlobalSection(ExtensibilityGlobals) = postSolution
		SolutionGuid = {E64CAA65-80DD-4750-9975-2919F7E23DCB}
	EndGlobalSection
EndGlobal
